<Solution>
  <Project Path="src/SOFIA.API/SOFIA.API.csproj" />
  <Project Path="src/SOFIA.Application/SOFIA.Application.csproj" />
  <Project Path="src/SOFIA.ArchitectureTests/SOFIA.ArchitectureTests.csproj" />
  <Project Path="src/SOFIA.DbUp/SOFIA.DbUp.csproj" />
  <Project Path="src/SOFIA.Domain/SOFIA.Domain.csproj" />
  <Project Path="src/SOFIA.Infrastructure/SOFIA.Infrastructure.csproj" />
  <Project Path="src/SOFIA.SharedKernel/SOFIA.SharedKernel.csproj" />
  <Project Path="src/SOFIA.UnitTests/SOFIA.UnitTests.csproj" />
  <Project Path="src/SOFIA.IntegrationTests/SOFIA.IntegrationTests.csproj" />
</Solution>
